// !$*UTF8*$!
{
	archiveVersion = 1;
	classes = {
	};
	objectVersion = 45;
	objects = {

/* Begin PBXBuildFile section */
		161C0FFA12CCE759004C2ACC /* picker_button_bg.png in Resources */ = {isa = PBXBuildFile; fileRef = 161C0FF812CCE759004C2ACC /* picker_button_bg.png */; };
		161C0FFB12CCE759004C2ACC /* picker_button_bg@2x.png in Resources */ = {isa = PBXBuildFile; fileRef = 161C0FF912CCE759004C2ACC /* picker_button_bg@2x.png */; };
		161C102512CCF3EC004C2ACC /* blue_button.png in Resources */ = {isa = PBXBuildFile; fileRef = 161C102112CCF3EC004C2ACC /* blue_button.png */; };
		161C102612CCF3EC004C2ACC /* blue_button@2x.png in Resources */ = {isa = PBXBuildFile; fileRef = 161C102212CCF3EC004C2ACC /* blue_button@2x.png */; };
		161C102712CCF3EC004C2ACC /* red_button.png in Resources */ = {isa = PBXBuildFile; fileRef = 161C102312CCF3EC004C2ACC /* red_button.png */; };
		161C102812CCF3EC004C2ACC /* red_button@2x.png in Resources */ = {isa = PBXBuildFile; fileRef = 161C102412CCF3EC004C2ACC /* red_button@2x.png */; };
		161C105112CD0CCD004C2ACC /* picker_number_bg.png in Resources */ = {isa = PBXBuildFile; fileRef = 161C104F12CD0CCD004C2ACC /* picker_number_bg.png */; };
		161C105212CD0CCD004C2ACC /* picker_number_bg@2x.png in Resources */ = {isa = PBXBuildFile; fileRef = 161C105012CD0CCD004C2ACC /* picker_number_bg@2x.png */; };
		161C105512CD0D74004C2ACC /* PickerNumbers.m in Sources */ = {isa = PBXBuildFile; fileRef = 161C105412CD0D74004C2ACC /* PickerNumbers.m */; };
		161C115812CD38FC004C2ACC /* picker_loto_circles.png in Resources */ = {isa = PBXBuildFile; fileRef = 161C115012CD38FC004C2ACC /* picker_loto_circles.png */; };
		161C115912CD38FC004C2ACC /* picker_loto_circles@2x.png in Resources */ = {isa = PBXBuildFile; fileRef = 161C115112CD38FC004C2ACC /* picker_loto_circles@2x.png */; };
		161C115A12CD38FC004C2ACC /* picker_pegacuatro_circles.png in Resources */ = {isa = PBXBuildFile; fileRef = 161C115212CD38FC004C2ACC /* picker_pegacuatro_circles.png */; };
		161C115B12CD38FC004C2ACC /* picker_pegacuatro_circles@2x.png in Resources */ = {isa = PBXBuildFile; fileRef = 161C115312CD38FC004C2ACC /* picker_pegacuatro_circles@2x.png */; };
		161C115C12CD38FC004C2ACC /* picker_pegados_circles.png in Resources */ = {isa = PBXBuildFile; fileRef = 161C115412CD38FC004C2ACC /* picker_pegados_circles.png */; };
		161C115D12CD38FC004C2ACC /* picker_pegados_circles@2x.png in Resources */ = {isa = PBXBuildFile; fileRef = 161C115512CD38FC004C2ACC /* picker_pegados_circles@2x.png */; };
		161C115E12CD38FC004C2ACC /* picker_pegatres_circles.png in Resources */ = {isa = PBXBuildFile; fileRef = 161C115612CD38FC004C2ACC /* picker_pegatres_circles.png */; };
		161C115F12CD38FC004C2ACC /* picker_pegatres_circles@2x.png in Resources */ = {isa = PBXBuildFile; fileRef = 161C115712CD38FC004C2ACC /* picker_pegatres_circles@2x.png */; };
		1662A39B12CE425500273575 /* loto.png in Resources */ = {isa = PBXBuildFile; fileRef = 1662A39912CE425500273575 /* loto.png */; };
		1662A39C12CE425500273575 /* loto@2x.png in Resources */ = {isa = PBXBuildFile; fileRef = 1662A39A12CE425500273575 /* loto@2x.png */; };
		1662A3A412CE459900273575 /* revancha.png in Resources */ = {isa = PBXBuildFile; fileRef = 1662A3A212CE459900273575 /* revancha.png */; };
		1662A3A512CE459900273575 /* revancha@2x.png in Resources */ = {isa = PBXBuildFile; fileRef = 1662A3A312CE459900273575 /* revancha@2x.png */; };
		1662A3AA12CE4A7600273575 /* pegacuatro.png in Resources */ = {isa = PBXBuildFile; fileRef = 1662A3A812CE4A7600273575 /* pegacuatro.png */; };
		1662A3AB12CE4A7600273575 /* pegacuatro@2x.png in Resources */ = {isa = PBXBuildFile; fileRef = 1662A3A912CE4A7600273575 /* pegacuatro@2x.png */; };
		1662A3B412CE4F1D00273575 /* pegados.png in Resources */ = {isa = PBXBuildFile; fileRef = 1662A3B012CE4F1D00273575 /* pegados.png */; };
		1662A3B512CE4F1D00273575 /* pegados@2x.png in Resources */ = {isa = PBXBuildFile; fileRef = 1662A3B112CE4F1D00273575 /* pegados@2x.png */; };
		1662A3B612CE4F1D00273575 /* pegatres.png in Resources */ = {isa = PBXBuildFile; fileRef = 1662A3B212CE4F1D00273575 /* pegatres.png */; };
		1662A3B712CE4F1D00273575 /* pegatres@2x.png in Resources */ = {isa = PBXBuildFile; fileRef = 1662A3B312CE4F1D00273575 /* pegatres@2x.png */; };
		1673EAA312CA4690009B2255 /* PickerViewController.m in Sources */ = {isa = PBXBuildFile; fileRef = 1673EAA212CA4690009B2255 /* PickerViewController.m */; };
		1673EAA512CA46A7009B2255 /* PickerViewController.xib in Resources */ = {isa = PBXBuildFile; fileRef = 1673EAA412CA46A7009B2255 /* PickerViewController.xib */; };
		1673EB3E12CA6AED009B2255 /* NSMutableArray+Shuffle.m in Sources */ = {isa = PBXBuildFile; fileRef = 1673EB3D12CA6AED009B2255 /* NSMutableArray+Shuffle.m */; };
		167AC16812D36EAE001615D6 /* Icon.png in Resources */ = {isa = PBXBuildFile; fileRef = 167AC16612D36EAE001615D6 /* Icon.png */; };
		167AC16912D36EAE001615D6 /* Icon@2x.png in Resources */ = {isa = PBXBuildFile; fileRef = 167AC16712D36EAE001615D6 /* Icon@2x.png */; };
		167AC17012D37027001615D6 /* lottery_logo.png in Resources */ = {isa = PBXBuildFile; fileRef = 167AC16E12D37027001615D6 /* lottery_logo.png */; };
		167AC17112D37027001615D6 /* lottery_logo@2x.png in Resources */ = {isa = PBXBuildFile; fileRef = 167AC16F12D37027001615D6 /* lottery_logo@2x.png */; };
		1689A01412C5152C00E194D1 /* circle_four.png in Resources */ = {isa = PBXBuildFile; fileRef = 1689A00C12C5152C00E194D1 /* circle_four.png */; };
		1689A01512C5152C00E194D1 /* circle_four@2x.png in Resources */ = {isa = PBXBuildFile; fileRef = 1689A00D12C5152C00E194D1 /* circle_four@2x.png */; };
		1689A01612C5152C00E194D1 /* circle_six.png in Resources */ = {isa = PBXBuildFile; fileRef = 1689A00E12C5152C00E194D1 /* circle_six.png */; };
		1689A01712C5152C00E194D1 /* circle_six@2x.png in Resources */ = {isa = PBXBuildFile; fileRef = 1689A00F12C5152C00E194D1 /* circle_six@2x.png */; };
		1689A01812C5152C00E194D1 /* circle_three.png in Resources */ = {isa = PBXBuildFile; fileRef = 1689A01012C5152C00E194D1 /* circle_three.png */; };
		1689A01912C5152C00E194D1 /* circle_three@2x.png in Resources */ = {isa = PBXBuildFile; fileRef = 1689A01112C5152C00E194D1 /* circle_three@2x.png */; };
		1689A01A12C5152C00E194D1 /* circle_two.png in Resources */ = {isa = PBXBuildFile; fileRef = 1689A01212C5152C00E194D1 /* circle_two.png */; };
		1689A01B12C5152C00E194D1 /* circle_two@2x.png in Resources */ = {isa = PBXBuildFile; fileRef = 1689A01312C5152C00E194D1 /* circle_two@2x.png */; };
		1695FE0712C377BD00C8DE7D /* Lottery.m in Sources */ = {isa = PBXBuildFile; fileRef = 1695FE0612C377BD00C8DE7D /* Lottery.m */; };
		1695FE0C12C37AE200C8DE7D /* Constants.m in Sources */ = {isa = PBXBuildFile; fileRef = 1695FE0B12C37AE200C8DE7D /* Constants.m */; };
		1695FE1E12C37CDE00C8DE7D /* LotterySix.m in Sources */ = {isa = PBXBuildFile; fileRef = 1695FE1D12C37CDE00C8DE7D /* LotterySix.m */; };
		1695FF0712C3F02300C8DE7D /* LotteryViewController.m in Sources */ = {isa = PBXBuildFile; fileRef = 1695FF0512C3F02300C8DE7D /* LotteryViewController.m */; };
		1695FF0812C3F02300C8DE7D /* LotteryViewController.xib in Resources */ = {isa = PBXBuildFile; fileRef = 1695FF0612C3F02300C8DE7D /* LotteryViewController.xib */; };
		1695FF2212C3F63C00C8DE7D /* QuickPickViewController.m in Sources */ = {isa = PBXBuildFile; fileRef = 1695FF2012C3F63C00C8DE7D /* QuickPickViewController.m */; };
		1695FF2312C3F63C00C8DE7D /* QuickPickViewController.xib in Resources */ = {isa = PBXBuildFile; fileRef = 1695FF2112C3F63C00C8DE7D /* QuickPickViewController.xib */; };
		1695FF2712C3F68100C8DE7D /* AboutViewController.m in Sources */ = {isa = PBXBuildFile; fileRef = 1695FF2512C3F68100C8DE7D /* AboutViewController.m */; };
		1695FF2812C3F68100C8DE7D /* AboutViewController.xib in Resources */ = {isa = PBXBuildFile; fileRef = 1695FF2612C3F68100C8DE7D /* AboutViewController.xib */; };
		1695FFB412C4095600C8DE7D /* LotteryTableCell.xib in Resources */ = {isa = PBXBuildFile; fileRef = 1695FFB312C4095600C8DE7D /* LotteryTableCell.xib */; };
		169CE75B12D25AFB00F467FC /* FileHelpers.m in Sources */ = {isa = PBXBuildFile; fileRef = 169CE75A12D25AFB00F467FC /* FileHelpers.m */; };
		169CE84612D289C900F467FC /* grey_button.png in Resources */ = {isa = PBXBuildFile; fileRef = 169CE84012D289C900F467FC /* grey_button.png */; };
		169CE84712D289C900F467FC /* grey_button@2x.png in Resources */ = {isa = PBXBuildFile; fileRef = 169CE84112D289C900F467FC /* grey_button@2x.png */; };
		169CE84A12D289C900F467FC /* riveralabs_logo.png in Resources */ = {isa = PBXBuildFile; fileRef = 169CE84412D289C900F467FC /* riveralabs_logo.png */; };
		169CE84B12D289C900F467FC /* riveralabs_logo@2x.png in Resources */ = {isa = PBXBuildFile; fileRef = 169CE84512D289C900F467FC /* riveralabs_logo@2x.png */; };
		16D032B412CC0C0B00D29AA7 /* QuickPickTableCell.xib in Resources */ = {isa = PBXBuildFile; fileRef = 16D032B312CC0C0B00D29AA7 /* QuickPickTableCell.xib */; };
		16D032EC12CC162A00D29AA7 /* loto_sphere.png in Resources */ = {isa = PBXBuildFile; fileRef = 16D032E412CC162A00D29AA7 /* loto_sphere.png */; };
		16D032ED12CC162A00D29AA7 /* loto_sphere@2x.png in Resources */ = {isa = PBXBuildFile; fileRef = 16D032E512CC162A00D29AA7 /* loto_sphere@2x.png */; };
		16D032EE12CC162A00D29AA7 /* pegacuatro_sphere.png in Resources */ = {isa = PBXBuildFile; fileRef = 16D032E612CC162A00D29AA7 /* pegacuatro_sphere.png */; };
		16D032EF12CC162A00D29AA7 /* pegacuatro_sphere@2x.png in Resources */ = {isa = PBXBuildFile; fileRef = 16D032E712CC162A00D29AA7 /* pegacuatro_sphere@2x.png */; };
		16D032F012CC162A00D29AA7 /* pegados_sphere.png in Resources */ = {isa = PBXBuildFile; fileRef = 16D032E812CC162A00D29AA7 /* pegados_sphere.png */; };
		16D032F112CC162A00D29AA7 /* pegados_sphere@2x.png in Resources */ = {isa = PBXBuildFile; fileRef = 16D032E912CC162A00D29AA7 /* pegados_sphere@2x.png */; };
		16D032F212CC162A00D29AA7 /* pegatres_sphere.png in Resources */ = {isa = PBXBuildFile; fileRef = 16D032EA12CC162A00D29AA7 /* pegatres_sphere.png */; };
		16D032F312CC162A00D29AA7 /* pegatres_sphere@2x.png in Resources */ = {isa = PBXBuildFile; fileRef = 16D032EB12CC162A00D29AA7 /* pegatres_sphere@2x.png */; };
		16F7DBBE12C7B68900F50025 /* LotteryFour.m in Sources */ = {isa = PBXBuildFile; fileRef = 16F7DBBD12C7B68900F50025 /* LotteryFour.m */; };
		16F7DC5012C7D01A00F50025 /* LotteryThree.m in Sources */ = {isa = PBXBuildFile; fileRef = 16F7DC4F12C7D01A00F50025 /* LotteryThree.m */; };
		16F7DC6312C7D38500F50025 /* LotteryTwo.m in Sources */ = {isa = PBXBuildFile; fileRef = 16F7DC6212C7D38500F50025 /* LotteryTwo.m */; };
		16F7DCA712C7DF1D00F50025 /* dice.png in Resources */ = {isa = PBXBuildFile; fileRef = 16F7DC9F12C7DF1D00F50025 /* dice.png */; };
		16F7DCA812C7DF1D00F50025 /* dice@2x.png in Resources */ = {isa = PBXBuildFile; fileRef = 16F7DCA012C7DF1D00F50025 /* dice@2x.png */; };
		16F7DCAB12C7DF1D00F50025 /* refresh.png in Resources */ = {isa = PBXBuildFile; fileRef = 16F7DCA312C7DF1D00F50025 /* refresh.png */; };
		16F7DCAC12C7DF1D00F50025 /* refresh@2x.png in Resources */ = {isa = PBXBuildFile; fileRef = 16F7DCA412C7DF1D00F50025 /* refresh@2x.png */; };
		16F7DCAD12C7DF1D00F50025 /* star.png in Resources */ = {isa = PBXBuildFile; fileRef = 16F7DCA512C7DF1D00F50025 /* star.png */; };
		16F7DCAE12C7DF1D00F50025 /* star@2x.png in Resources */ = {isa = PBXBuildFile; fileRef = 16F7DCA612C7DF1D00F50025 /* star@2x.png */; };
		16F7DD9A12C7FC4900F50025 /* info.png in Resources */ = {isa = PBXBuildFile; fileRef = 16F7DD9812C7FC4900F50025 /* info.png */; };
		16F7DD9B12C7FC4900F50025 /* info@2x.png in Resources */ = {isa = PBXBuildFile; fileRef = 16F7DD9912C7FC4900F50025 /* info@2x.png */; };
		16FD674A12C8E1EC0082FD30 /* LinkViewController.m in Sources */ = {isa = PBXBuildFile; fileRef = 16FD674812C8E1EC0082FD30 /* LinkViewController.m */; };
		16FD674B12C8E1EC0082FD30 /* LinkViewController.xib in Resources */ = {isa = PBXBuildFile; fileRef = 16FD674912C8E1EC0082FD30 /* LinkViewController.xib */; };
		1D3623260D0F684500981E51 /* LotteryPRAppDelegate.m in Sources */ = {isa = PBXBuildFile; fileRef = 1D3623250D0F684500981E51 /* LotteryPRAppDelegate.m */; };
		1D60589B0D05DD56006BFB54 /* main.m in Sources */ = {isa = PBXBuildFile; fileRef = 29B97316FDCFA39411CA2CEA /* main.m */; };
		1D60589F0D05DD5A006BFB54 /* Foundation.framework in Frameworks */ = {isa = PBXBuildFile; fileRef = 1D30AB110D05D00D00671497 /* Foundation.framework */; };
		1DF5F4E00D08C38300B7A737 /* UIKit.framework in Frameworks */ = {isa = PBXBuildFile; fileRef = 1DF5F4DF0D08C38300B7A737 /* UIKit.framework */; };
		288765FD0DF74451002DB57D /* CoreGraphics.framework in Frameworks */ = {isa = PBXBuildFile; fileRef = 288765FC0DF74451002DB57D /* CoreGraphics.framework */; };
		28AD733F0D9D9553002E5188 /* MainWindow.xib in Resources */ = {isa = PBXBuildFile; fileRef = 28AD733E0D9D9553002E5188 /* MainWindow.xib */; };
/* End PBXBuildFile section */

/* Begin PBXFileReference section */
		161C0FF812CCE759004C2ACC /* picker_button_bg.png */ = {isa = PBXFileReference; lastKnownFileType = image.png; path = picker_button_bg.png; sourceTree = "<group>"; };
		161C0FF912CCE759004C2ACC /* picker_button_bg@2x.png */ = {isa = PBXFileReference; lastKnownFileType = image.png; path = "picker_button_bg@2x.png"; sourceTree = "<group>"; };
		161C102112CCF3EC004C2ACC /* blue_button.png */ = {isa = PBXFileReference; lastKnownFileType = image.png; path = blue_button.png; sourceTree = "<group>"; };
		161C102212CCF3EC004C2ACC /* blue_button@2x.png */ = {isa = PBXFileReference; lastKnownFileType = image.png; path = "blue_button@2x.png"; sourceTree = "<group>"; };
		161C102312CCF3EC004C2ACC /* red_button.png */ = {isa = PBXFileReference; lastKnownFileType = image.png; path = red_button.png; sourceTree = "<group>"; };
		161C102412CCF3EC004C2ACC /* red_button@2x.png */ = {isa = PBXFileReference; lastKnownFileType = image.png; path = "red_button@2x.png"; sourceTree = "<group>"; };
		161C104F12CD0CCD004C2ACC /* picker_number_bg.png */ = {isa = PBXFileReference; lastKnownFileType = image.png; path = picker_number_bg.png; sourceTree = "<group>"; };
		161C105012CD0CCD004C2ACC /* picker_number_bg@2x.png */ = {isa = PBXFileReference; lastKnownFileType = image.png; path = "picker_number_bg@2x.png"; sourceTree = "<group>"; };
		161C105312CD0D74004C2ACC /* PickerNumbers.h */ = {isa = PBXFileReference; fileEncoding = 4; lastKnownFileType = sourcecode.c.h; path = PickerNumbers.h; sourceTree = "<group>"; };
		161C105412CD0D74004C2ACC /* PickerNumbers.m */ = {isa = PBXFileReference; fileEncoding = 4; lastKnownFileType = sourcecode.c.objc; path = PickerNumbers.m; sourceTree = "<group>"; };
		161C115012CD38FC004C2ACC /* picker_loto_circles.png */ = {isa = PBXFileReference; lastKnownFileType = image.png; path = picker_loto_circles.png; sourceTree = "<group>"; };
		161C115112CD38FC004C2ACC /* picker_loto_circles@2x.png */ = {isa = PBXFileReference; lastKnownFileType = image.png; path = "picker_loto_circles@2x.png"; sourceTree = "<group>"; };
		161C115212CD38FC004C2ACC /* picker_pegacuatro_circles.png */ = {isa = PBXFileReference; lastKnownFileType = image.png; path = picker_pegacuatro_circles.png; sourceTree = "<group>"; };
		161C115312CD38FC004C2ACC /* picker_pegacuatro_circles@2x.png */ = {isa = PBXFileReference; lastKnownFileType = image.png; path = "picker_pegacuatro_circles@2x.png"; sourceTree = "<group>"; };
		161C115412CD38FC004C2ACC /* picker_pegados_circles.png */ = {isa = PBXFileReference; lastKnownFileType = image.png; path = picker_pegados_circles.png; sourceTree = "<group>"; };
		161C115512CD38FC004C2ACC /* picker_pegados_circles@2x.png */ = {isa = PBXFileReference; lastKnownFileType = image.png; path = "picker_pegados_circles@2x.png"; sourceTree = "<group>"; };
		161C115612CD38FC004C2ACC /* picker_pegatres_circles.png */ = {isa = PBXFileReference; lastKnownFileType = image.png; path = picker_pegatres_circles.png; sourceTree = "<group>"; };
		161C115712CD38FC004C2ACC /* picker_pegatres_circles@2x.png */ = {isa = PBXFileReference; lastKnownFileType = image.png; path = "picker_pegatres_circles@2x.png"; sourceTree = "<group>"; };
		1662A39912CE425500273575 /* loto.png */ = {isa = PBXFileReference; lastKnownFileType = image.png; path = loto.png; sourceTree = "<group>"; };
		1662A39A12CE425500273575 /* loto@2x.png */ = {isa = PBXFileReference; lastKnownFileType = image.png; path = "loto@2x.png"; sourceTree = "<group>"; };
		1662A3A212CE459900273575 /* revancha.png */ = {isa = PBXFileReference; lastKnownFileType = image.png; path = revancha.png; sourceTree = "<group>"; };
		1662A3A312CE459900273575 /* revancha@2x.png */ = {isa = PBXFileReference; lastKnownFileType = image.png; path = "revancha@2x.png"; sourceTree = "<group>"; };
		1662A3A812CE4A7600273575 /* pegacuatro.png */ = {isa = PBXFileReference; lastKnownFileType = image.png; path = pegacuatro.png; sourceTree = "<group>"; };
		1662A3A912CE4A7600273575 /* pegacuatro@2x.png */ = {isa = PBXFileReference; lastKnownFileType = image.png; path = "pegacuatro@2x.png"; sourceTree = "<group>"; };
		1662A3B012CE4F1D00273575 /* pegados.png */ = {isa = PBXFileReference; lastKnownFileType = image.png; path = pegados.png; sourceTree = "<group>"; };
		1662A3B112CE4F1D00273575 /* pegados@2x.png */ = {isa = PBXFileReference; lastKnownFileType = image.png; path = "pegados@2x.png"; sourceTree = "<group>"; };
		1662A3B212CE4F1D00273575 /* pegatres.png */ = {isa = PBXFileReference; lastKnownFileType = image.png; path = pegatres.png; sourceTree = "<group>"; };
		1662A3B312CE4F1D00273575 /* pegatres@2x.png */ = {isa = PBXFileReference; lastKnownFileType = image.png; path = "pegatres@2x.png"; sourceTree = "<group>"; };
		1673EAA112CA4690009B2255 /* PickerViewController.h */ = {isa = PBXFileReference; fileEncoding = 4; lastKnownFileType = sourcecode.c.h; path = PickerViewController.h; sourceTree = "<group>"; };
		1673EAA212CA4690009B2255 /* PickerViewController.m */ = {isa = PBXFileReference; fileEncoding = 4; lastKnownFileType = sourcecode.c.objc; path = PickerViewController.m; sourceTree = "<group>"; };
		1673EAA412CA46A7009B2255 /* PickerViewController.xib */ = {isa = PBXFileReference; lastKnownFileType = file.xib; path = PickerViewController.xib; sourceTree = "<group>"; };
		1673EB3C12CA6AED009B2255 /* NSMutableArray+Shuffle.h */ = {isa = PBXFileReference; fileEncoding = 4; lastKnownFileType = sourcecode.c.h; path = "NSMutableArray+Shuffle.h"; sourceTree = "<group>"; };
		1673EB3D12CA6AED009B2255 /* NSMutableArray+Shuffle.m */ = {isa = PBXFileReference; fileEncoding = 4; lastKnownFileType = sourcecode.c.objc; path = "NSMutableArray+Shuffle.m"; sourceTree = "<group>"; };
		167AC16612D36EAE001615D6 /* Icon.png */ = {isa = PBXFileReference; lastKnownFileType = image.png; path = Icon.png; sourceTree = "<group>"; };
		167AC16712D36EAE001615D6 /* Icon@2x.png */ = {isa = PBXFileReference; lastKnownFileType = image.png; path = "Icon@2x.png"; sourceTree = "<group>"; };
		167AC16E12D37027001615D6 /* lottery_logo.png */ = {isa = PBXFileReference; lastKnownFileType = image.png; path = lottery_logo.png; sourceTree = "<group>"; };
		167AC16F12D37027001615D6 /* lottery_logo@2x.png */ = {isa = PBXFileReference; lastKnownFileType = image.png; path = "lottery_logo@2x.png"; sourceTree = "<group>"; };
		1689A00C12C5152C00E194D1 /* circle_four.png */ = {isa = PBXFileReference; lastKnownFileType = image.png; path = circle_four.png; sourceTree = "<group>"; };
		1689A00D12C5152C00E194D1 /* circle_four@2x.png */ = {isa = PBXFileReference; lastKnownFileType = image.png; path = "circle_four@2x.png"; sourceTree = "<group>"; };
		1689A00E12C5152C00E194D1 /* circle_six.png */ = {isa = PBXFileReference; lastKnownFileType = image.png; path = circle_six.png; sourceTree = "<group>"; };
		1689A00F12C5152C00E194D1 /* circle_six@2x.png */ = {isa = PBXFileReference; lastKnownFileType = image.png; path = "circle_six@2x.png"; sourceTree = "<group>"; };
		1689A01012C5152C00E194D1 /* circle_three.png */ = {isa = PBXFileReference; lastKnownFileType = image.png; path = circle_three.png; sourceTree = "<group>"; };
		1689A01112C5152C00E194D1 /* circle_three@2x.png */ = {isa = PBXFileReference; lastKnownFileType = image.png; path = "circle_three@2x.png"; sourceTree = "<group>"; };
		1689A01212C5152C00E194D1 /* circle_two.png */ = {isa = PBXFileReference; lastKnownFileType = image.png; path = circle_two.png; sourceTree = "<group>"; };
		1689A01312C5152C00E194D1 /* circle_two@2x.png */ = {isa = PBXFileReference; lastKnownFileType = image.png; path = "circle_two@2x.png"; sourceTree = "<group>"; };
		1695FE0512C377BD00C8DE7D /* Lottery.h */ = {isa = PBXFileReference; fileEncoding = 4; lastKnownFileType = sourcecode.c.h; path = Lottery.h; sourceTree = "<group>"; };
		1695FE0612C377BD00C8DE7D /* Lottery.m */ = {isa = PBXFileReference; fileEncoding = 4; lastKnownFileType = sourcecode.c.objc; path = Lottery.m; sourceTree = "<group>"; };
		1695FE0A12C37AE200C8DE7D /* Constants.h */ = {isa = PBXFileReference; fileEncoding = 4; lastKnownFileType = sourcecode.c.h; path = Constants.h; sourceTree = "<group>"; };
		1695FE0B12C37AE200C8DE7D /* Constants.m */ = {isa = PBXFileReference; fileEncoding = 4; lastKnownFileType = sourcecode.c.objc; path = Constants.m; sourceTree = "<group>"; };
		1695FE1C12C37CDE00C8DE7D /* LotterySix.h */ = {isa = PBXFileReference; fileEncoding = 4; lastKnownFileType = sourcecode.c.h; path = LotterySix.h; sourceTree = "<group>"; };
		1695FE1D12C37CDE00C8DE7D /* LotterySix.m */ = {isa = PBXFileReference; fileEncoding = 4; lastKnownFileType = sourcecode.c.objc; path = LotterySix.m; sourceTree = "<group>"; };
		1695FF0412C3F02300C8DE7D /* LotteryViewController.h */ = {isa = PBXFileReference; fileEncoding = 4; lastKnownFileType = sourcecode.c.h; path = LotteryViewController.h; sourceTree = "<group>"; };
		1695FF0512C3F02300C8DE7D /* LotteryViewController.m */ = {isa = PBXFileReference; fileEncoding = 4; lastKnownFileType = sourcecode.c.objc; path = LotteryViewController.m; sourceTree = "<group>"; };
		1695FF0612C3F02300C8DE7D /* LotteryViewController.xib */ = {isa = PBXFileReference; lastKnownFileType = file.xib; path = LotteryViewController.xib; sourceTree = "<group>"; };
		1695FF1F12C3F63C00C8DE7D /* QuickPickViewController.h */ = {isa = PBXFileReference; fileEncoding = 4; lastKnownFileType = sourcecode.c.h; path = QuickPickViewController.h; sourceTree = "<group>"; };
		1695FF2012C3F63C00C8DE7D /* QuickPickViewController.m */ = {isa = PBXFileReference; fileEncoding = 4; lastKnownFileType = sourcecode.c.objc; path = QuickPickViewController.m; sourceTree = "<group>"; };
		1695FF2112C3F63C00C8DE7D /* QuickPickViewController.xib */ = {isa = PBXFileReference; lastKnownFileType = file.xib; path = QuickPickViewController.xib; sourceTree = "<group>"; };
		1695FF2412C3F68100C8DE7D /* AboutViewController.h */ = {isa = PBXFileReference; fileEncoding = 4; lastKnownFileType = sourcecode.c.h; path = AboutViewController.h; sourceTree = "<group>"; };
		1695FF2512C3F68100C8DE7D /* AboutViewController.m */ = {isa = PBXFileReference; fileEncoding = 4; lastKnownFileType = sourcecode.c.objc; path = AboutViewController.m; sourceTree = "<group>"; };
		1695FF2612C3F68100C8DE7D /* AboutViewController.xib */ = {isa = PBXFileReference; lastKnownFileType = file.xib; path = AboutViewController.xib; sourceTree = "<group>"; };
		1695FFB312C4095600C8DE7D /* LotteryTableCell.xib */ = {isa = PBXFileReference; lastKnownFileType = file.xib; path = LotteryTableCell.xib; sourceTree = "<group>"; };
		169CE75912D25AFB00F467FC /* FileHelpers.h */ = {isa = PBXFileReference; fileEncoding = 4; lastKnownFileType = sourcecode.c.h; path = FileHelpers.h; sourceTree = "<group>"; };
		169CE75A12D25AFB00F467FC /* FileHelpers.m */ = {isa = PBXFileReference; fileEncoding = 4; lastKnownFileType = sourcecode.c.objc; path = FileHelpers.m; sourceTree = "<group>"; };
		169CE84012D289C900F467FC /* grey_button.png */ = {isa = PBXFileReference; lastKnownFileType = image.png; path = grey_button.png; sourceTree = "<group>"; };
		169CE84112D289C900F467FC /* grey_button@2x.png */ = {isa = PBXFileReference; lastKnownFileType = image.png; path = "grey_button@2x.png"; sourceTree = "<group>"; };
		169CE84412D289C900F467FC /* riveralabs_logo.png */ = {isa = PBXFileReference; lastKnownFileType = image.png; path = riveralabs_logo.png; sourceTree = "<group>"; };
		169CE84512D289C900F467FC /* riveralabs_logo@2x.png */ = {isa = PBXFileReference; lastKnownFileType = image.png; path = "riveralabs_logo@2x.png"; sourceTree = "<group>"; };
		16D032B312CC0C0B00D29AA7 /* QuickPickTableCell.xib */ = {isa = PBXFileReference; lastKnownFileType = file.xib; path = QuickPickTableCell.xib; sourceTree = "<group>"; };
		16D032E412CC162A00D29AA7 /* loto_sphere.png */ = {isa = PBXFileReference; lastKnownFileType = image.png; path = loto_sphere.png; sourceTree = "<group>"; };
		16D032E512CC162A00D29AA7 /* loto_sphere@2x.png */ = {isa = PBXFileReference; lastKnownFileType = image.png; path = "loto_sphere@2x.png"; sourceTree = "<group>"; };
		16D032E612CC162A00D29AA7 /* pegacuatro_sphere.png */ = {isa = PBXFileReference; lastKnownFileType = image.png; path = pegacuatro_sphere.png; sourceTree = "<group>"; };
		16D032E712CC162A00D29AA7 /* pegacuatro_sphere@2x.png */ = {isa = PBXFileReference; lastKnownFileType = image.png; path = "pegacuatro_sphere@2x.png"; sourceTree = "<group>"; };
		16D032E812CC162A00D29AA7 /* pegados_sphere.png */ = {isa = PBXFileReference; lastKnownFileType = image.png; path = pegados_sphere.png; sourceTree = "<group>"; };
		16D032E912CC162A00D29AA7 /* pegados_sphere@2x.png */ = {isa = PBXFileReference; lastKnownFileType = image.png; path = "pegados_sphere@2x.png"; sourceTree = "<group>"; };
		16D032EA12CC162A00D29AA7 /* pegatres_sphere.png */ = {isa = PBXFileReference; lastKnownFileType = image.png; path = pegatres_sphere.png; sourceTree = "<group>"; };
		16D032EB12CC162A00D29AA7 /* pegatres_sphere@2x.png */ = {isa = PBXFileReference; lastKnownFileType = image.png; path = "pegatres_sphere@2x.png"; sourceTree = "<group>"; };
		16F7DBBC12C7B68900F50025 /* LotteryFour.h */ = {isa = PBXFileReference; fileEncoding = 4; lastKnownFileType = sourcecode.c.h; path = LotteryFour.h; sourceTree = "<group>"; };
		16F7DBBD12C7B68900F50025 /* LotteryFour.m */ = {isa = PBXFileReference; fileEncoding = 4; lastKnownFileType = sourcecode.c.objc; path = LotteryFour.m; sourceTree = "<group>"; };
		16F7DC4E12C7D01A00F50025 /* LotteryThree.h */ = {isa = PBXFileReference; fileEncoding = 4; lastKnownFileType = sourcecode.c.h; path = LotteryThree.h; sourceTree = "<group>"; };
		16F7DC4F12C7D01A00F50025 /* LotteryThree.m */ = {isa = PBXFileReference; fileEncoding = 4; lastKnownFileType = sourcecode.c.objc; path = LotteryThree.m; sourceTree = "<group>"; };
		16F7DC6112C7D38500F50025 /* LotteryTwo.h */ = {isa = PBXFileReference; fileEncoding = 4; lastKnownFileType = sourcecode.c.h; path = LotteryTwo.h; sourceTree = "<group>"; };
		16F7DC6212C7D38500F50025 /* LotteryTwo.m */ = {isa = PBXFileReference; fileEncoding = 4; lastKnownFileType = sourcecode.c.objc; path = LotteryTwo.m; sourceTree = "<group>"; };
		16F7DC9F12C7DF1D00F50025 /* dice.png */ = {isa = PBXFileReference; lastKnownFileType = image.png; path = dice.png; sourceTree = "<group>"; };
		16F7DCA012C7DF1D00F50025 /* dice@2x.png */ = {isa = PBXFileReference; lastKnownFileType = image.png; path = "dice@2x.png"; sourceTree = "<group>"; };
		16F7DCA312C7DF1D00F50025 /* refresh.png */ = {isa = PBXFileReference; lastKnownFileType = image.png; path = refresh.png; sourceTree = "<group>"; };
		16F7DCA412C7DF1D00F50025 /* refresh@2x.png */ = {isa = PBXFileReference; lastKnownFileType = image.png; path = "refresh@2x.png"; sourceTree = "<group>"; };
		16F7DCA512C7DF1D00F50025 /* star.png */ = {isa = PBXFileReference; lastKnownFileType = image.png; path = star.png; sourceTree = "<group>"; };
		16F7DCA612C7DF1D00F50025 /* star@2x.png */ = {isa = PBXFileReference; lastKnownFileType = image.png; path = "star@2x.png"; sourceTree = "<group>"; };
		16F7DD9812C7FC4900F50025 /* info.png */ = {isa = PBXFileReference; lastKnownFileType = image.png; path = info.png; sourceTree = "<group>"; };
		16F7DD9912C7FC4900F50025 /* info@2x.png */ = {isa = PBXFileReference; lastKnownFileType = image.png; path = "info@2x.png"; sourceTree = "<group>"; };
		16FD674712C8E1EC0082FD30 /* LinkViewController.h */ = {isa = PBXFileReference; fileEncoding = 4; lastKnownFileType = sourcecode.c.h; path = LinkViewController.h; sourceTree = "<group>"; };
		16FD674812C8E1EC0082FD30 /* LinkViewController.m */ = {isa = PBXFileReference; fileEncoding = 4; lastKnownFileType = sourcecode.c.objc; path = LinkViewController.m; sourceTree = "<group>"; };
		16FD674912C8E1EC0082FD30 /* LinkViewController.xib */ = {isa = PBXFileReference; lastKnownFileType = file.xib; path = LinkViewController.xib; sourceTree = "<group>"; };
		1D30AB110D05D00D00671497 /* Foundation.framework */ = {isa = PBXFileReference; lastKnownFileType = wrapper.framework; name = Foundation.framework; path = System/Library/Frameworks/Foundation.framework; sourceTree = SDKROOT; };
		1D3623240D0F684500981E51 /* LotteryPRAppDelegate.h */ = {isa = PBXFileReference; fileEncoding = 4; lastKnownFileType = sourcecode.c.h; path = LotteryPRAppDelegate.h; sourceTree = "<group>"; };
		1D3623250D0F684500981E51 /* LotteryPRAppDelegate.m */ = {isa = PBXFileReference; fileEncoding = 4; lastKnownFileType = sourcecode.c.objc; path = LotteryPRAppDelegate.m; sourceTree = "<group>"; };
		1D6058910D05DD3D006BFB54 /* Loteria.app */ = {isa = PBXFileReference; explicitFileType = wrapper.application; includeInIndex = 0; path = Loteria.app; sourceTree = BUILT_PRODUCTS_DIR; };
		1DF5F4DF0D08C38300B7A737 /* UIKit.framework */ = {isa = PBXFileReference; lastKnownFileType = wrapper.framework; name = UIKit.framework; path = System/Library/Frameworks/UIKit.framework; sourceTree = SDKROOT; };
		288765FC0DF74451002DB57D /* CoreGraphics.framework */ = {isa = PBXFileReference; lastKnownFileType = wrapper.framework; name = CoreGraphics.framework; path = System/Library/Frameworks/CoreGraphics.framework; sourceTree = SDKROOT; };
		28AD733E0D9D9553002E5188 /* MainWindow.xib */ = {isa = PBXFileReference; lastKnownFileType = file.xib; path = MainWindow.xib; sourceTree = "<group>"; };
		29B97316FDCFA39411CA2CEA /* main.m */ = {isa = PBXFileReference; fileEncoding = 4; lastKnownFileType = sourcecode.c.objc; path = main.m; sourceTree = "<group>"; };
		32CA4F630368D1EE00C91783 /* LotteryPR_Prefix.pch */ = {isa = PBXFileReference; fileEncoding = 4; lastKnownFileType = sourcecode.c.h; path = LotteryPR_Prefix.pch; sourceTree = "<group>"; };
		8D1107310486CEB800E47090 /* LotteryPR-Info.plist */ = {isa = PBXFileReference; fileEncoding = 4; lastKnownFileType = text.plist.xml; path = "LotteryPR-Info.plist"; plistStructureDefinitionIdentifier = "com.apple.xcode.plist.structure-definition.iphone.info-plist"; sourceTree = "<group>"; };
/* End PBXFileReference section */

/* Begin PBXFrameworksBuildPhase section */
		1D60588F0D05DD3D006BFB54 /* Frameworks */ = {
			isa = PBXFrameworksBuildPhase;
			buildActionMask = 2147483647;
			files = (
				1D60589F0D05DD5A006BFB54 /* Foundation.framework in Frameworks */,
				1DF5F4E00D08C38300B7A737 /* UIKit.framework in Frameworks */,
				288765FD0DF74451002DB57D /* CoreGraphics.framework in Frameworks */,
			);
			runOnlyForDeploymentPostprocessing = 0;
		};
/* End PBXFrameworksBuildPhase section */

/* Begin PBXGroup section */
		080E96DDFE201D6D7F000001 /* Classes */ = {
			isa = PBXGroup;
			children = (
				169CE75912D25AFB00F467FC /* FileHelpers.h */,
				169CE75A12D25AFB00F467FC /* FileHelpers.m */,
				1695FF2412C3F68100C8DE7D /* AboutViewController.h */,
				1695FF2512C3F68100C8DE7D /* AboutViewController.m */,
				1695FE0A12C37AE200C8DE7D /* Constants.h */,
				1695FE0B12C37AE200C8DE7D /* Constants.m */,
				16FD674712C8E1EC0082FD30 /* LinkViewController.h */,
				16FD674812C8E1EC0082FD30 /* LinkViewController.m */,
				1695FE0512C377BD00C8DE7D /* Lottery.h */,
				1695FE0612C377BD00C8DE7D /* Lottery.m */,
				16F7DBBC12C7B68900F50025 /* LotteryFour.h */,
				16F7DBBD12C7B68900F50025 /* LotteryFour.m */,
				1D3623240D0F684500981E51 /* LotteryPRAppDelegate.h */,
				1D3623250D0F684500981E51 /* LotteryPRAppDelegate.m */,
				1695FE1C12C37CDE00C8DE7D /* LotterySix.h */,
				1695FE1D12C37CDE00C8DE7D /* LotterySix.m */,
				16F7DC4E12C7D01A00F50025 /* LotteryThree.h */,
				16F7DC4F12C7D01A00F50025 /* LotteryThree.m */,
				16F7DC6112C7D38500F50025 /* LotteryTwo.h */,
				16F7DC6212C7D38500F50025 /* LotteryTwo.m */,
				1695FF0412C3F02300C8DE7D /* LotteryViewController.h */,
				1695FF0512C3F02300C8DE7D /* LotteryViewController.m */,
				1673EB3C12CA6AED009B2255 /* NSMutableArray+Shuffle.h */,
				1673EB3D12CA6AED009B2255 /* NSMutableArray+Shuffle.m */,
				161C105312CD0D74004C2ACC /* PickerNumbers.h */,
				161C105412CD0D74004C2ACC /* PickerNumbers.m */,
				1673EAA112CA4690009B2255 /* PickerViewController.h */,
				1673EAA212CA4690009B2255 /* PickerViewController.m */,
				1695FF1F12C3F63C00C8DE7D /* QuickPickViewController.h */,
				1695FF2012C3F63C00C8DE7D /* QuickPickViewController.m */,
			);
			path = Classes;
			sourceTree = "<group>";
		};
		1695FEDF12C3EFA100C8DE7D /* images */ = {
			isa = PBXGroup;
			children = (
				167AC16E12D37027001615D6 /* lottery_logo.png */,
				167AC16F12D37027001615D6 /* lottery_logo@2x.png */,
				167AC16612D36EAE001615D6 /* Icon.png */,
				167AC16712D36EAE001615D6 /* Icon@2x.png */,
				169CE84012D289C900F467FC /* grey_button.png */,
				169CE84112D289C900F467FC /* grey_button@2x.png */,
				169CE84412D289C900F467FC /* riveralabs_logo.png */,
				169CE84512D289C900F467FC /* riveralabs_logo@2x.png */,
				1662A3B012CE4F1D00273575 /* pegados.png */,
				1662A3B112CE4F1D00273575 /* pegados@2x.png */,
				1662A3B212CE4F1D00273575 /* pegatres.png */,
				1662A3B312CE4F1D00273575 /* pegatres@2x.png */,
				1662A3A812CE4A7600273575 /* pegacuatro.png */,
				1662A3A912CE4A7600273575 /* pegacuatro@2x.png */,
				1662A3A212CE459900273575 /* revancha.png */,
				1662A3A312CE459900273575 /* revancha@2x.png */,
				1662A39912CE425500273575 /* loto.png */,
				1662A39A12CE425500273575 /* loto@2x.png */,
				161C115012CD38FC004C2ACC /* picker_loto_circles.png */,
				161C115112CD38FC004C2ACC /* picker_loto_circles@2x.png */,
				161C115212CD38FC004C2ACC /* picker_pegacuatro_circles.png */,
				161C115312CD38FC004C2ACC /* picker_pegacuatro_circles@2x.png */,
				161C115412CD38FC004C2ACC /* picker_pegados_circles.png */,
				161C115512CD38FC004C2ACC /* picker_pegados_circles@2x.png */,
				161C115612CD38FC004C2ACC /* picker_pegatres_circles.png */,
				161C115712CD38FC004C2ACC /* picker_pegatres_circles@2x.png */,
				161C104F12CD0CCD004C2ACC /* picker_number_bg.png */,
				161C105012CD0CCD004C2ACC /* picker_number_bg@2x.png */,
				161C102112CCF3EC004C2ACC /* blue_button.png */,
				161C102212CCF3EC004C2ACC /* blue_button@2x.png */,
				161C102312CCF3EC004C2ACC /* red_button.png */,
				161C102412CCF3EC004C2ACC /* red_button@2x.png */,
				161C0FF812CCE759004C2ACC /* picker_button_bg.png */,
				161C0FF912CCE759004C2ACC /* picker_button_bg@2x.png */,
				16D032E412CC162A00D29AA7 /* loto_sphere.png */,
				16D032E512CC162A00D29AA7 /* loto_sphere@2x.png */,
				16D032E612CC162A00D29AA7 /* pegacuatro_sphere.png */,
				16D032E712CC162A00D29AA7 /* pegacuatro_sphere@2x.png */,
				16D032E812CC162A00D29AA7 /* pegados_sphere.png */,
				16D032E912CC162A00D29AA7 /* pegados_sphere@2x.png */,
				16D032EA12CC162A00D29AA7 /* pegatres_sphere.png */,
				16D032EB12CC162A00D29AA7 /* pegatres_sphere@2x.png */,
				16F7DD9812C7FC4900F50025 /* info.png */,
				16F7DD9912C7FC4900F50025 /* info@2x.png */,
				16F7DC9F12C7DF1D00F50025 /* dice.png */,
				16F7DCA012C7DF1D00F50025 /* dice@2x.png */,
				16F7DCA312C7DF1D00F50025 /* refresh.png */,
				16F7DCA412C7DF1D00F50025 /* refresh@2x.png */,
				16F7DCA512C7DF1D00F50025 /* star.png */,
				16F7DCA612C7DF1D00F50025 /* star@2x.png */,
				1689A00C12C5152C00E194D1 /* circle_four.png */,
				1689A00D12C5152C00E194D1 /* circle_four@2x.png */,
				1689A00E12C5152C00E194D1 /* circle_six.png */,
				1689A00F12C5152C00E194D1 /* circle_six@2x.png */,
				1689A01012C5152C00E194D1 /* circle_three.png */,
				1689A01112C5152C00E194D1 /* circle_three@2x.png */,
				1689A01212C5152C00E194D1 /* circle_two.png */,
				1689A01312C5152C00E194D1 /* circle_two@2x.png */,
			);
			name = images;
			sourceTree = "<group>";
		};
		19C28FACFE9D520D11CA2CBB /* Products */ = {
			isa = PBXGroup;
			children = (
				1D6058910D05DD3D006BFB54 /* Loteria.app */,
			);
			name = Products;
			sourceTree = "<group>";
		};
		29B97314FDCFA39411CA2CEA /* CustomTemplate */ = {
			isa = PBXGroup;
			children = (
				080E96DDFE201D6D7F000001 /* Classes */,
				29B97315FDCFA39411CA2CEA /* Other Sources */,
				29B97317FDCFA39411CA2CEA /* Resources */,
				29B97323FDCFA39411CA2CEA /* Frameworks */,
				19C28FACFE9D520D11CA2CBB /* Products */,
			);
			name = CustomTemplate;
			sourceTree = "<group>";
		};
		29B97315FDCFA39411CA2CEA /* Other Sources */ = {
			isa = PBXGroup;
			children = (
				32CA4F630368D1EE00C91783 /* LotteryPR_Prefix.pch */,
				29B97316FDCFA39411CA2CEA /* main.m */,
			);
			name = "Other Sources";
			sourceTree = "<group>";
		};
		29B97317FDCFA39411CA2CEA /* Resources */ = {
			isa = PBXGroup;
			children = (
				16FD674912C8E1EC0082FD30 /* LinkViewController.xib */,
				1695FF2612C3F68100C8DE7D /* AboutViewController.xib */,
				1695FEDF12C3EFA100C8DE7D /* images */,
				8D1107310486CEB800E47090 /* LotteryPR-Info.plist */,
				1695FFB312C4095600C8DE7D /* LotteryTableCell.xib */,
				16D032B312CC0C0B00D29AA7 /* QuickPickTableCell.xib */,
				1695FF0612C3F02300C8DE7D /* LotteryViewController.xib */,
				28AD733E0D9D9553002E5188 /* MainWindow.xib */,
				1695FF2112C3F63C00C8DE7D /* QuickPickViewController.xib */,
				1673EAA412CA46A7009B2255 /* PickerViewController.xib */,
			);
			name = Resources;
			sourceTree = "<group>";
		};
		29B97323FDCFA39411CA2CEA /* Frameworks */ = {
			isa = PBXGroup;
			children = (
				1DF5F4DF0D08C38300B7A737 /* UIKit.framework */,
				1D30AB110D05D00D00671497 /* Foundation.framework */,
				288765FC0DF74451002DB57D /* CoreGraphics.framework */,
			);
			name = Frameworks;
			sourceTree = "<group>";
		};
/* End PBXGroup section */

/* Begin PBXNativeTarget section */
		1D6058900D05DD3D006BFB54 /* LotteryPR */ = {
			isa = PBXNativeTarget;
			buildConfigurationList = 1D6058960D05DD3E006BFB54 /* Build configuration list for PBXNativeTarget "LotteryPR" */;
			buildPhases = (
				1D60588D0D05DD3D006BFB54 /* Resources */,
				1D60588E0D05DD3D006BFB54 /* Sources */,
				1D60588F0D05DD3D006BFB54 /* Frameworks */,
			);
			buildRules = (
			);
			dependencies = (
			);
			name = LotteryPR;
			productName = LotteryPR;
			productReference = 1D6058910D05DD3D006BFB54 /* Loteria.app */;
			productType = "com.apple.product-type.application";
		};
/* End PBXNativeTarget section */

/* Begin PBXProject section */
		29B97313FDCFA39411CA2CEA /* Project object */ = {
			isa = PBXProject;
			buildConfigurationList = C01FCF4E08A954540054247B /* Build configuration list for PBXProject "LotteryPR" */;
			compatibilityVersion = "Xcode 3.1";
			developmentRegion = English;
			hasScannedForEncodings = 1;
			knownRegions = (
				English,
				Japanese,
				French,
				German,
			);
			mainGroup = 29B97314FDCFA39411CA2CEA /* CustomTemplate */;
			projectDirPath = "";
			projectRoot = "";
			targets = (
				1D6058900D05DD3D006BFB54 /* LotteryPR */,
			);
		};
/* End PBXProject section */

/* Begin PBXResourcesBuildPhase section */
		1D60588D0D05DD3D006BFB54 /* Resources */ = {
			isa = PBXResourcesBuildPhase;
			buildActionMask = 2147483647;
			files = (
				28AD733F0D9D9553002E5188 /* MainWindow.xib in Resources */,
				1695FF0812C3F02300C8DE7D /* LotteryViewController.xib in Resources */,
				1695FF2312C3F63C00C8DE7D /* QuickPickViewController.xib in Resources */,
				1695FF2812C3F68100C8DE7D /* AboutViewController.xib in Resources */,
				1695FFB412C4095600C8DE7D /* LotteryTableCell.xib in Resources */,
				1689A01412C5152C00E194D1 /* circle_four.png in Resources */,
				1689A01512C5152C00E194D1 /* circle_four@2x.png in Resources */,
				1689A01612C5152C00E194D1 /* circle_six.png in Resources */,
				1689A01712C5152C00E194D1 /* circle_six@2x.png in Resources */,
				1689A01812C5152C00E194D1 /* circle_three.png in Resources */,
				1689A01912C5152C00E194D1 /* circle_three@2x.png in Resources */,
				1689A01A12C5152C00E194D1 /* circle_two.png in Resources */,
				1689A01B12C5152C00E194D1 /* circle_two@2x.png in Resources */,
				16F7DCA712C7DF1D00F50025 /* dice.png in Resources */,
				16F7DCA812C7DF1D00F50025 /* dice@2x.png in Resources */,
				16F7DCAB12C7DF1D00F50025 /* refresh.png in Resources */,
				16F7DCAC12C7DF1D00F50025 /* refresh@2x.png in Resources */,
				16F7DCAD12C7DF1D00F50025 /* star.png in Resources */,
				16F7DCAE12C7DF1D00F50025 /* star@2x.png in Resources */,
				16F7DD9A12C7FC4900F50025 /* info.png in Resources */,
				16F7DD9B12C7FC4900F50025 /* info@2x.png in Resources */,
				16FD674B12C8E1EC0082FD30 /* LinkViewController.xib in Resources */,
				1673EAA512CA46A7009B2255 /* PickerViewController.xib in Resources */,
				16D032B412CC0C0B00D29AA7 /* QuickPickTableCell.xib in Resources */,
				16D032EC12CC162A00D29AA7 /* loto_sphere.png in Resources */,
				16D032ED12CC162A00D29AA7 /* loto_sphere@2x.png in Resources */,
				16D032EE12CC162A00D29AA7 /* pegacuatro_sphere.png in Resources */,
				16D032EF12CC162A00D29AA7 /* pegacuatro_sphere@2x.png in Resources */,
				16D032F012CC162A00D29AA7 /* pegados_sphere.png in Resources */,
				16D032F112CC162A00D29AA7 /* pegados_sphere@2x.png in Resources */,
				16D032F212CC162A00D29AA7 /* pegatres_sphere.png in Resources */,
				16D032F312CC162A00D29AA7 /* pegatres_sphere@2x.png in Resources */,
				161C0FFA12CCE759004C2ACC /* picker_button_bg.png in Resources */,
				161C0FFB12CCE759004C2ACC /* picker_button_bg@2x.png in Resources */,
				161C102512CCF3EC004C2ACC /* blue_button.png in Resources */,
				161C102612CCF3EC004C2ACC /* blue_button@2x.png in Resources */,
				161C102712CCF3EC004C2ACC /* red_button.png in Resources */,
				161C102812CCF3EC004C2ACC /* red_button@2x.png in Resources */,
				161C105112CD0CCD004C2ACC /* picker_number_bg.png in Resources */,
				161C105212CD0CCD004C2ACC /* picker_number_bg@2x.png in Resources */,
				161C115812CD38FC004C2ACC /* picker_loto_circles.png in Resources */,
				161C115912CD38FC004C2ACC /* picker_loto_circles@2x.png in Resources */,
				161C115A12CD38FC004C2ACC /* picker_pegacuatro_circles.png in Resources */,
				161C115B12CD38FC004C2ACC /* picker_pegacuatro_circles@2x.png in Resources */,
				161C115C12CD38FC004C2ACC /* picker_pegados_circles.png in Resources */,
				161C115D12CD38FC004C2ACC /* picker_pegados_circles@2x.png in Resources */,
				161C115E12CD38FC004C2ACC /* picker_pegatres_circles.png in Resources */,
				161C115F12CD38FC004C2ACC /* picker_pegatres_circles@2x.png in Resources */,
				1662A39B12CE425500273575 /* loto.png in Resources */,
				1662A39C12CE425500273575 /* loto@2x.png in Resources */,
				1662A3A412CE459900273575 /* revancha.png in Resources */,
				1662A3A512CE459900273575 /* revancha@2x.png in Resources */,
				1662A3AA12CE4A7600273575 /* pegacuatro.png in Resources */,
				1662A3AB12CE4A7600273575 /* pegacuatro@2x.png in Resources */,
				1662A3B412CE4F1D00273575 /* pegados.png in Resources */,
				1662A3B512CE4F1D00273575 /* pegados@2x.png in Resources */,
				1662A3B612CE4F1D00273575 /* pegatres.png in Resources */,
				1662A3B712CE4F1D00273575 /* pegatres@2x.png in Resources */,
				169CE84612D289C900F467FC /* grey_button.png in Resources */,
				169CE84712D289C900F467FC /* grey_button@2x.png in Resources */,
				169CE84A12D289C900F467FC /* riveralabs_logo.png in Resources */,
				169CE84B12D289C900F467FC /* riveralabs_logo@2x.png in Resources */,
				167AC16812D36EAE001615D6 /* Icon.png in Resources */,
				167AC16912D36EAE001615D6 /* Icon@2x.png in Resources */,
				167AC17012D37027001615D6 /* lottery_logo.png in Resources */,
				167AC17112D37027001615D6 /* lottery_logo@2x.png in Resources */,
			);
			runOnlyForDeploymentPostprocessing = 0;
		};
/* End PBXResourcesBuildPhase section */

/* Begin PBXSourcesBuildPhase section */
		1D60588E0D05DD3D006BFB54 /* Sources */ = {
			isa = PBXSourcesBuildPhase;
			buildActionMask = 2147483647;
			files = (
				1D60589B0D05DD56006BFB54 /* main.m in Sources */,
				1D3623260D0F684500981E51 /* LotteryPRAppDelegate.m in Sources */,
				1695FE0712C377BD00C8DE7D /* Lottery.m in Sources */,
				1695FE0C12C37AE200C8DE7D /* Constants.m in Sources */,
				1695FE1E12C37CDE00C8DE7D /* LotterySix.m in Sources */,
				1695FF0712C3F02300C8DE7D /* LotteryViewController.m in Sources */,
				1695FF2212C3F63C00C8DE7D /* QuickPickViewController.m in Sources */,
				1695FF2712C3F68100C8DE7D /* AboutViewController.m in Sources */,
				16F7DBBE12C7B68900F50025 /* LotteryFour.m in Sources */,
				16F7DC5012C7D01A00F50025 /* LotteryThree.m in Sources */,
				16F7DC6312C7D38500F50025 /* LotteryTwo.m in Sources */,
				16FD674A12C8E1EC0082FD30 /* LinkViewController.m in Sources */,
				1673EAA312CA4690009B2255 /* PickerViewController.m in Sources */,
				1673EB3E12CA6AED009B2255 /* NSMutableArray+Shuffle.m in Sources */,
				161C105512CD0D74004C2ACC /* PickerNumbers.m in Sources */,
				169CE75B12D25AFB00F467FC /* FileHelpers.m in Sources */,
			);
			runOnlyForDeploymentPostprocessing = 0;
		};
/* End PBXSourcesBuildPhase section */

/* Begin XCBuildConfiguration section */
		1662A3F812CE967A00273575 /* Distribution */ = {
			isa = XCBuildConfiguration;
			buildSettings = {
				ARCHS = "$(ARCHS_STANDARD_32_BIT)";
				"CODE_SIGN_IDENTITY[sdk=iphoneos*]" = "iPhone Developer";
				GCC_C_LANGUAGE_STANDARD = c99;
				GCC_WARN_ABOUT_RETURN_TYPE = YES;
				GCC_WARN_UNUSED_VARIABLE = YES;
				OTHER_CFLAGS = "-DNS_BLOCK_ASSERTIONS=1";
				PREBINDING = NO;
				PRODUCT_NAME = Loteria;
				SDKROOT = iphoneos;
			};
			name = Distribution;
		};
		1662A3F912CE967A00273575 /* Distribution */ = {
			isa = XCBuildConfiguration;
			buildSettings = {
				ALWAYS_SEARCH_USER_PATHS = NO;
				COPY_PHASE_STRIP = YES;
				GCC_PRECOMPILE_PREFIX_HEADER = YES;
				GCC_PREFIX_HEADER = LotteryPR_Prefix.pch;
				INFOPLIST_FILE = "LotteryPR-Info.plist";
				PRODUCT_NAME = Loteria;
				VALIDATE_PRODUCT = YES;
			};
			name = Distribution;
		};
		1D6058940D05DD3E006BFB54 /* Debug */ = {
			isa = XCBuildConfiguration;
			buildSettings = {
				ALWAYS_SEARCH_USER_PATHS = NO;
				COPY_PHASE_STRIP = NO;
				GCC_DYNAMIC_NO_PIC = NO;
				GCC_OPTIMIZATION_LEVEL = 0;
				GCC_PRECOMPILE_PREFIX_HEADER = YES;
				GCC_PREFIX_HEADER = LotteryPR_Prefix.pch;
				INFOPLIST_FILE = "LotteryPR-Info.plist";
				PRODUCT_NAME = Loteria;
			};
			name = Debug;
		};
		1D6058950D05DD3E006BFB54 /* Release */ = {
			isa = XCBuildConfiguration;
			buildSettings = {
				ALWAYS_SEARCH_USER_PATHS = NO;
				COPY_PHASE_STRIP = YES;
				GCC_PRECOMPILE_PREFIX_HEADER = YES;
				GCC_PREFIX_HEADER = LotteryPR_Prefix.pch;
				INFOPLIST_FILE = "LotteryPR-Info.plist";
				PRODUCT_NAME = Loteria;
				VALIDATE_PRODUCT = YES;
			};
			name = Release;
		};
		C01FCF4F08A954540054247B /* Debug */ = {
			isa = XCBuildConfiguration;
			buildSettings = {
				ARCHS = "$(ARCHS_STANDARD_32_BIT)";
				"CODE_SIGN_IDENTITY[sdk=iphoneos*]" = "iPhone Developer";
				GCC_C_LANGUAGE_STANDARD = c99;
				GCC_WARN_ABOUT_RETURN_TYPE = YES;
				GCC_WARN_UNUSED_VARIABLE = YES;
				PREBINDING = NO;
				PRODUCT_NAME = Loteria;
				SDKROOT = iphoneos;
			};
			name = Debug;
		};
		C01FCF5008A954540054247B /* Release */ = {
			isa = XCBuildConfiguration;
			buildSettings = {
				ARCHS = "$(ARCHS_STANDARD_32_BIT)";
				"CODE_SIGN_IDENTITY[sdk=iphoneos*]" = "iPhone Developer";
				GCC_C_LANGUAGE_STANDARD = c99;
				GCC_WARN_ABOUT_RETURN_TYPE = YES;
				GCC_WARN_UNUSED_VARIABLE = YES;
				OTHER_CFLAGS = "-DNS_BLOCK_ASSERTIONS=1";
				PREBINDING = NO;
				PRODUCT_NAME = Loteria;
				SDKROOT = iphoneos;
			};
			name = Release;
		};
/* End XCBuildConfiguration section */

/* Begin XCConfigurationList section */
		1D6058960D05DD3E006BFB54 /* Build configuration list for PBXNativeTarget "LotteryPR" */ = {
			isa = XCConfigurationList;
			buildConfigurations = (
				1D6058940D05DD3E006BFB54 /* Debug */,
				1D6058950D05DD3E006BFB54 /* Release */,
				1662A3F912CE967A00273575 /* Distribution */,
			);
			defaultConfigurationIsVisible = 0;
			defaultConfigurationName = Release;
		};
		C01FCF4E08A954540054247B /* Build configuration list for PBXProject "LotteryPR" */ = {
			isa = XCConfigurationList;
			buildConfigurations = (
				C01FCF4F08A954540054247B /* Debug */,
				C01FCF5008A954540054247B /* Release */,
				1662A3F812CE967A00273575 /* Distribution */,
			);
			defaultConfigurationIsVisible = 0;
			defaultConfigurationName = Release;
		};
/* End XCConfigurationList section */
	};
	rootObject = 29B97313FDCFA39411CA2CEA /* Project object */;
}
